
Microsoft Visual Studio Solution File, Format Version 12.00
# Visual Studio Version 17
VisualStudioVersion = 17.6.33815.320
MinimumVisualStudioVersion = 10.0.40219.1
Project("{FAE04EC0-301F-11D3-BF4B-00C04F79EFBC}") = "prjjQueryHomework", "prjjQueryHomework\prjjQueryHomework.csproj", "{49D07FD6-C936-4643-9F61-82D04FCC61BD}"
EndProject
Global
	GlobalSection(SolutionConfigurationPlatforms) = preSolution
		Debug|Any CPU = Debug|Any CPU
		Release|Any CPU = Release|Any CPU
	EndGlobalSection
	GlobalSection(ProjectConfigurationPlatforms) = postSolution
		{49D07FD6-C936-4643-9F61-82D04FCC61BD}.Debug|Any CPU.ActiveCfg = Debug|Any CPU
		{49D07FD6-C936-4643-9F61-82D04FCC61BD}.Debug|Any CPU.Build.0 = Debug|Any CPU
		{49D07FD6-C936-4643-9F61-82D04FCC61BD}.Release|Any CPU.ActiveCfg = Release|Any CPU
		{49D07FD6-C936-4643-9F61-82D04FCC61BD}.Release|Any CPU.Build.0 = Release|Any CPU
	EndGlobalSection
	GlobalSection(SolutionProperties) = preSolution
		HideSolutionNode = FALSE
	EndGlobalSection
	GlobalSection(ExtensibilityGlobals) = postSolution
		SolutionGuid = {51524013-F2FA-4BA5-BBB8-40B0774A90B9}
	EndGlobalSection
EndGlobal
